
Microsoft Visual Studio Solution File, Format Version 12.00
# Visual Studio Version 17
VisualStudioVersion = 17.0.31912.275
MinimumVisualStudioVersion = 10.0.40219.1
Project("{FAE04EC0-301F-11D3-BF4B-00C04F79EFBC}") = "Porto", "Porto\Porto.csproj", "{C0C11910-99AD-4D6D-882B-E626746CFAF3}"
EndProject
Global
	GlobalSection(SolutionConfigurationPlatforms) = preSolution
		Debug|Any CPU = Debug|Any CPU
		Release|Any CPU = Release|Any CPU
	EndGlobalSection
	GlobalSection(ProjectConfigurationPlatforms) = postSolution
		{C0C11910-99AD-4D6D-882B-E626746CFAF3}.Debug|Any CPU.ActiveCfg = Debug|Any CPU
		{C0C11910-99AD-4D6D-882B-E626746CFAF3}.Debug|Any CPU.Build.0 = Debug|Any CPU
		{C0C11910-99AD-4D6D-882B-E626746CFAF3}.Release|Any CPU.ActiveCfg = Release|Any CPU
		{C0C11910-99AD-4D6D-882B-E626746CFAF3}.Release|Any CPU.Build.0 = Release|Any CPU
	EndGlobalSection
	GlobalSection(SolutionProperties) = preSolution
		HideSolutionNode = FALSE
	EndGlobalSection
	GlobalSection(ExtensibilityGlobals) = postSolution
		SolutionGuid = {278FE522-2188-4D85-8A8A-2D298D8DA85C}
	EndGlobalSection
EndGlobal
